<?xml version="1.0" encoding="utf-8"?>
<Project ToolsVersion="4.0" xmlns="http://schemas.microsoft.com/developer/msbuild/2003">
  <ItemGroup>
    <Filter Include="Source Files">
      <UniqueIdentifier>{4FC737F1-C7A5-4376-A066-2A32D752A2FF}</UniqueIdentifier>
      <Extensions>cpp;c;cc;cxx;def;odl;idl;hpj;bat;asm;asmx</Extensions>
    </Filter>
    <Filter Include="Header Files">
      <UniqueIdentifier>{93995380-89BD-4b04-88EB-625FBE52EBFB}</UniqueIdentifier>
      <Extensions>h;hh;hpp;hxx;hm;inl;inc;ipp;xsd</Extensions>
    </Filter>
    <Filter Include="Resource Files">
      <UniqueIdentifier>{67DA6AB6-F800-4c08-8B7A-83BB121AAD01}</UniqueIdentifier>
      <Extensions>rc;ico;cur;bmp;dlg;rc2;rct;bin;rgs;gif;jpg;jpeg;jpe;resx;tiff;tif;png;wav;mfcribbon-ms</Extensions>
    </Filter>
    <Filter Include="Header Files\DirectFunctions">
      <UniqueIdentifier>{82c9141c-63a4-476e-be13-07996235af5d}</UniqueIdentifier>
    </Filter>
    <Filter Include="Header Files\DirectFunctions\Bases">
      <UniqueIdentifier>{d1415544-a4c2-4763-b523-1d89c2ada154}</UniqueIdentifier>
    </Filter>
    <Filter Include="Header Files\DirectFunctions\Entrance">
      <UniqueIdentifier>{4f05bae8-b9af-4884-9710-8c9151ac997d}</UniqueIdentifier>
    </Filter>
    <Filter Include="Header Files\DirectFunctions\Entrance\Tower">
      <UniqueIdentifier>{c8141bb4-c45f-4e4e-a8c4-d2da4edcdb62}</UniqueIdentifier>
    </Filter>
    <Filter Include="Header Files\DirectFunctions\Entrance\Conncections">
      <UniqueIdentifier>{ae83a2bb-6588-486f-bec6-7fa4332df88b}</UniqueIdentifier>
    </Filter>
    <Filter Include="Header Files\DirectFunctions\Entrance\Conncections\Bridge">
      <UniqueIdentifier>{b18a8ce8-7827-4a0e-9937-5b8c062bceb6}</UniqueIdentifier>
    </Filter>
    <Filter Include="Header Files\DirectFunctions\Entrance\Conncections\Buildings">
      <UniqueIdentifier>{3c4dff28-e626-49dd-a15b-6c027e5355bb}</UniqueIdentifier>
    </Filter>
    <Filter Include="Header Files\DirectFunctions\Entrance\Conncections\Gate">
      <UniqueIdentifier>{c467d587-9475-418e-a058-baf5f1fa071d}</UniqueIdentifier>
    </Filter>
    <Filter Include="Header Files\DirectFunctions\Entrance\Path">
      <UniqueIdentifier>{50adf76e-76f6-4eba-aae5-de185d5f1971}</UniqueIdentifier>
    </Filter>
    <Filter Include="Header Files\DirectFunctions\Entrance\DeliverRoad">
      <UniqueIdentifier>{af02f9a3-8ebe-4465-968d-3187cfe8bc63}</UniqueIdentifier>
    </Filter>
    <Filter Include="Header Files\DirectFunctions\Castle">
      <UniqueIdentifier>{5102131d-35df-4761-8e1a-fda40c8f56c2}</UniqueIdentifier>
    </Filter>
    <Filter Include="Header Files\DirectFunctions\Castle\Roads">
      <UniqueIdentifier>{daa41779-cbdd-40cd-9b35-6942dc93e7b6}</UniqueIdentifier>
    </Filter>
    <Filter Include="Header Files\DirectFunctions\Castle\Stores">
      <UniqueIdentifier>{ea25ad2f-4e4a-4a5a-afe8-7428b5a1eb16}</UniqueIdentifier>
    </Filter>
    <Filter Include="Header Files\DirectFunctions\Castle\HallWay">
      <UniqueIdentifier>{a0341ed7-e593-44ab-a8c3-5124284bc5aa}</UniqueIdentifier>
    </Filter>
    <Filter Include="Header Files\DirectFunctions\Castle\OldCastle">
      <UniqueIdentifier>{322ea265-c557-4b5d-8666-fd9bb0a150a9}</UniqueIdentifier>
    </Filter>
    <Filter Include="Header Files\DirectFunctions\Castle\Walls">
      <UniqueIdentifier>{79bdac9a-7e0f-47a4-b1cd-80777102c72c}</UniqueIdentifier>
    </Filter>
    <Filter Include="Header Files\DirectFunctions\RoofTiles">
      <UniqueIdentifier>{28c8dae2-46bc-44cf-8d33-119bcf89ebea}</UniqueIdentifier>
    </Filter>
    <Filter Include="Header Files\DirectFunctions\Rocks">
      <UniqueIdentifier>{d7a28e91-77aa-4964-ae29-1f33e50af034}</UniqueIdentifier>
    </Filter>
    <Filter Include="Header Files\IndirectFunctions">
      <UniqueIdentifier>{662c060b-cc47-456b-ace2-4fafb9e4bf16}</UniqueIdentifier>
    </Filter>
    <Filter Include="Header Files\IndirectFunctions\DrawScene">
      <UniqueIdentifier>{7af6c552-b70a-4adb-a1b2-64c6843c0bf8}</UniqueIdentifier>
    </Filter>
    <Filter Include="Header Files\SemiDirectFunctions">
      <UniqueIdentifier>{04dc7fbc-775a-4974-855b-e570963e44b8}</UniqueIdentifier>
    </Filter>
    <Filter Include="Header Files\SemiDirectFunctions\DrawImage">
      <UniqueIdentifier>{f0a8dc05-2cd8-4b10-9839-b5425f52d82c}</UniqueIdentifier>
    </Filter>
    <Filter Include="Header Files\IndirectFunctions\SetUp">
      <UniqueIdentifier>{1675b7d0-8361-4c07-8f1e-7d76781e68eb}</UniqueIdentifier>
    </Filter>
    <Filter Include="Header Files\IndirectFunctions\Resize">
      <UniqueIdentifier>{fc55a8bc-4ac2-4747-b444-f9ece744c1b7}</UniqueIdentifier>
    </Filter>
    <Filter Include="Header Files\IndirectFunctions\KeyInput">
      <UniqueIdentifier>{e6f4bfff-e34a-411d-8b86-4d627edd2b62}</UniqueIdentifier>
    </Filter>
    <Filter Include="Header Files\IndirectFunctions\Main">
      <UniqueIdentifier>{2e5fbdb3-86b7-4dd1-8e94-e189e607f89a}</UniqueIdentifier>
    </Filter>
    <Filter Include="Header Files\DirectFunctions\Menus">
      <UniqueIdentifier>{f1c3fbc3-0796-49ba-ae00-e8aa0c5c6f6a}</UniqueIdentifier>
    </Filter>
    <Filter Include="Header Files\DirectFunctions\Animations">
      <UniqueIdentifier>{2b7f111a-31af-4b76-b8d2-bd55590dc440}</UniqueIdentifier>
    </Filter>
    <Filter Include="Header Files\SemiDirectFunctions\View">
      <UniqueIdentifier>{d97da93c-b8e9-4999-91f3-42d78482ac32}</UniqueIdentifier>
    </Filter>
    <Filter Include="Header Files\DirectFunctions\Perspectives">
      <UniqueIdentifier>{521fc334-576e-4cab-b656-fe5b44be9df8}</UniqueIdentifier>
    </Filter>
    <Filter Include="Header Files\DirectFunctions\Menus\ID">
      <UniqueIdentifier>{c3797149-495c-4069-82fb-7e08810aecdf}</UniqueIdentifier>
    </Filter>
    <Filter Include="Header Files\DirectFunctions\Menus\Option">
      <UniqueIdentifier>{68085802-0266-4f38-bb0a-69bc7e47c9ff}</UniqueIdentifier>
    </Filter>
    <Filter Include="Header Files\DirectFunctions\Menus\Option\Quit">
      <UniqueIdentifier>{ae01208a-ca6b-4845-95fb-482443d2a9f6}</UniqueIdentifier>
    </Filter>
    <Filter Include="Header Files\DirectFunctions\Menus\Option\2D">
      <UniqueIdentifier>{8362ce0c-2dc9-4050-8ab5-1b31ed71624d}</UniqueIdentifier>
    </Filter>
    <Filter Include="Header Files\DirectFunctions\Menus\Option\3D">
      <UniqueIdentifier>{494a7caa-5c44-4bae-84f5-995efeb22a3c}</UniqueIdentifier>
    </Filter>
    <Filter Include="Header Files\DirectFunctions\Menus\Option\Color">
      <UniqueIdentifier>{68d88ec2-6870-4dfb-8591-ff20150bcc74}</UniqueIdentifier>
    </Filter>
    <Filter Include="Header Files\DirectFunctions\Menus\Option\Animation">
      <UniqueIdentifier>{f38ce5e2-0757-4dc1-9dd5-741dbd52fc22}</UniqueIdentifier>
    </Filter>
    <Filter Include="Header Files\DirectFunctions\Menus\Debug">
      <UniqueIdentifier>{c9851494-c47e-4b4a-8096-aca42acf8950}</UniqueIdentifier>
    </Filter>
    <Filter Include="Header Files\DirectFunctions\Menus\Menus">
      <UniqueIdentifier>{e5e03329-7884-412a-8723-53741ecaf0ef}</UniqueIdentifier>
    </Filter>
    <Filter Include="Header Files\DirectFunctions\Menus\Menus\Color">
      <UniqueIdentifier>{72e50a4d-904b-466d-96a7-6aa077d744fa}</UniqueIdentifier>
    </Filter>
    <Filter Include="Header Files\DirectFunctions\Menus\Menus\Animation">
      <UniqueIdentifier>{1435a504-10e5-46f6-99ed-97dddc6283c4}</UniqueIdentifier>
    </Filter>
    <Filter Include="Header Files\DirectFunctions\Menus\Menus\Perspective">
      <UniqueIdentifier>{fa6022ba-33c1-46b7-a327-bcefea0be631}</UniqueIdentifier>
    </Filter>
    <Filter Include="Header Files\DirectFunctions\Menus\Menus\Animation\Sub Menu">
      <UniqueIdentifier>{a1f14e8a-bc53-4294-a215-335124a7a7fb}</UniqueIdentifier>
    </Filter>
    <Filter Include="Header Files\DirectFunctions\Menus\Menus\Perspective\2D">
      <UniqueIdentifier>{39042546-4081-4050-861e-58b4e53454cb}</UniqueIdentifier>
    </Filter>
    <Filter Include="Header Files\DirectFunctions\Menus\Menus\Perspective\3D">
      <UniqueIdentifier>{32268778-7a41-480f-b23e-14f1736c2a29}</UniqueIdentifier>
    </Filter>
    <Filter Include="Header Files\DirectFunctions\Perspectives\Regular">
      <UniqueIdentifier>{0def836b-200e-4b56-8f56-b3ef9d6560c8}</UniqueIdentifier>
    </Filter>
    <Filter Include="Header Files\DirectFunctions\Perspectives\Irregular">
      <UniqueIdentifier>{7fa3ce6a-7cab-4125-b5bc-1ffe87d79e2b}</UniqueIdentifier>
    </Filter>
    <Filter Include="Header Files\DirectFunctions\Perspectives\Regular\2D">
      <UniqueIdentifier>{a54286e8-196f-45db-a480-565ac8a50e7e}</UniqueIdentifier>
    </Filter>
    <Filter Include="Header Files\DirectFunctions\Perspectives\Regular\3D">
      <UniqueIdentifier>{9214058a-f7c1-4db6-b3fe-02b6468aba73}</UniqueIdentifier>
    </Filter>
    <Filter Include="Header Files\DirectFunctions\Perspectives\Irregular\2D">
      <UniqueIdentifier>{f23698c1-f547-468e-87f1-f37a51457703}</UniqueIdentifier>
    </Filter>
    <Filter Include="Header Files\DirectFunctions\Perspectives\Irregular\3D">
      <UniqueIdentifier>{afd8ee77-64d1-403d-90ac-a54db446bf7e}</UniqueIdentifier>
    </Filter>
    <Filter Include="Header Files\DirectFunctions\Perspectives\Irregular\2D\Entrance">
      <UniqueIdentifier>{cc6cba0c-54ec-4af4-b67a-720138bf56e5}</UniqueIdentifier>
    </Filter>
    <Filter Include="Header Files\DirectFunctions\Perspectives\Irregular\2D\Hallway">
      <UniqueIdentifier>{bc57405e-f8c8-455b-ab94-2d8db28e9320}</UniqueIdentifier>
    </Filter>
    <Filter Include="Header Files\DirectFunctions\Perspectives\Irregular\2D\Courtyard">
      <UniqueIdentifier>{2fc95fe7-2a4d-4c51-9924-0a0f8f4ec50c}</UniqueIdentifier>
    </Filter>
    <Filter Include="Header Files\DirectFunctions\Perspectives\Irregular\2D\MainBuilding">
      <UniqueIdentifier>{5c92a9a2-b977-4ac2-83f9-9816dbb1627c}</UniqueIdentifier>
    </Filter>
    <Filter Include="Header Files\DirectFunctions\Perspectives\Irregular\2D\DeliveryDoor">
      <UniqueIdentifier>{6332b1fa-8bef-4271-bcdd-35263de5fb94}</UniqueIdentifier>
    </Filter>
    <Filter Include="Header Files\DirectFunctions\Perspectives\Irregular\2D\Castle">
      <UniqueIdentifier>{7b324baa-5d91-4a52-9ec0-47ab387bd360}</UniqueIdentifier>
    </Filter>
    <Filter Include="Header Files\DirectFunctions\Perspectives\Irregular\3D\Entrance">
      <UniqueIdentifier>{201a9686-4d21-4bf3-b6ff-17398763a1a4}</UniqueIdentifier>
    </Filter>
    <Filter Include="Header Files\DirectFunctions\Perspectives\Irregular\3D\Hallway">
      <UniqueIdentifier>{ae295ed9-4c35-4bff-8516-f48cbae2d4ca}</UniqueIdentifier>
    </Filter>
    <Filter Include="Header Files\DirectFunctions\Perspectives\Irregular\3D\Courtyard">
      <UniqueIdentifier>{f130a67a-2b6e-4aa8-aef2-9f8b5d3a5a17}</UniqueIdentifier>
    </Filter>
    <Filter Include="Header Files\DirectFunctions\Perspectives\Irregular\3D\MainBuilding">
      <UniqueIdentifier>{ec015437-b05a-4d74-9aa6-83b4fa3429f5}</UniqueIdentifier>
    </Filter>
    <Filter Include="Header Files\DirectFunctions\Perspectives\Irregular\3D\DeliveryDoor">
      <UniqueIdentifier>{760c62c6-3476-4b80-a320-4751e3d2e0f0}</UniqueIdentifier>
    </Filter>
    <Filter Include="Header Files\DirectFunctions\Perspectives\Irregular\3D\Castle">
      <UniqueIdentifier>{0c13d113-b053-47a1-84ff-cad577c8d873}</UniqueIdentifier>
    </Filter>
    <Filter Include="Header Files\DirectFunctions\Perspectives\SetPerspective">
      <UniqueIdentifier>{0744701a-80a7-4e00-a5d7-90839e535a01}</UniqueIdentifier>
    </Filter>
    <Filter Include="Header Files\DirectFunctions\Perspectives\SetPerspective\2D">
      <UniqueIdentifier>{fe8a2a89-af00-4573-8e5a-df1cf2dc5179}</UniqueIdentifier>
    </Filter>
    <Filter Include="Header Files\DirectFunctions\Perspectives\SetPerspective\3D">
      <UniqueIdentifier>{98f685d0-2a3b-4571-87ab-16fdef398c75}</UniqueIdentifier>
    </Filter>
    <Filter Include="Header Files\DirectFunctions\Perspectives\SetPerspective\2D\Regular">
      <UniqueIdentifier>{dbad9b37-f480-467c-bcef-007f2f9bb30f}</UniqueIdentifier>
    </Filter>
    <Filter Include="Header Files\DirectFunctions\Perspectives\SetPerspective\2D\Irregular">
      <UniqueIdentifier>{6f4a3b02-1fc8-4fe4-97b5-a1f44b995a0f}</UniqueIdentifier>
    </Filter>
    <Filter Include="Header Files\DirectFunctions\Perspectives\SetPerspective\3D\Irregular">
      <UniqueIdentifier>{068219f6-2a26-4772-8045-42367e2d676b}</UniqueIdentifier>
    </Filter>
    <Filter Include="Header Files\DirectFunctions\Perspectives\SetPerspective\3D\Regular">
      <UniqueIdentifier>{962aac22-e0d4-455a-9a8f-a558e6476c36}</UniqueIdentifier>
    </Filter>
    <Filter Include="Resource Files\Textures">
      <UniqueIdentifier>{94317e8e-0836-4df5-ab8f-e6613c63f05b}</UniqueIdentifier>
    </Filter>
    <Filter Include="Resource Files\getBMP">
      <UniqueIdentifier>{d6a7af7c-0b09-48f5-9e91-900f16aff791}</UniqueIdentifier>
    </Filter>
    <Filter Include="Header Files\DirectFunctions\SkyBox">
      <UniqueIdentifier>{3328d751-f9f2-4737-b6f7-a90923f1215f}</UniqueIdentifier>
    </Filter>
  </ItemGroup>
  <ItemGroup>
    <ClInclude Include="RightTower.h">
      <Filter>Header Files\DirectFunctions\Entrance\Tower</Filter>
    </ClInclude>
    <ClInclude Include="MiddleTower.h">
      <Filter>Header Files\DirectFunctions\Entrance\Tower</Filter>
    </ClInclude>
    <ClInclude Include="LeftTower_Ruined.h">
      <Filter>Header Files\DirectFunctions\Entrance\Tower</Filter>
    </ClInclude>
    <ClInclude Include="LeftTower.h">
      <Filter>Header Files\DirectFunctions\Entrance\Tower</Filter>
    </ClInclude>
    <ClInclude Include="Faces.h">
      <Filter>Header Files\DirectFunctions\Bases</Filter>
    </ClInclude>
    <ClInclude Include="Circle.h">
      <Filter>Header Files\DirectFunctions\Bases</Filter>
    </ClInclude>
    <ClInclude Include="Figures.h">
      <Filter>Header Files\DirectFunctions\Bases</Filter>
    </ClInclude>
    <ClInclude Include="RockBlocks.h">
      <Filter>Header Files\DirectFunctions\Rocks</Filter>
    </ClInclude>
    <ClInclude Include="ArcBridge.h">
      <Filter>Header Files\DirectFunctions\Entrance\Conncections\Bridge</Filter>
    </ClInclude>
    <ClInclude Include="ArcBridge_Ruined.h">
      <Filter>Header Files\DirectFunctions\Entrance\Conncections\Bridge</Filter>
    </ClInclude>
    <ClInclude Include="MiddleTowersConnection.h">
      <Filter>Header Files\DirectFunctions\Entrance\Conncections\Buildings</Filter>
    </ClInclude>
    <ClInclude Include="Gate.h">
      <Filter>Header Files\DirectFunctions\Entrance\Conncections\Gate</Filter>
    </ClInclude>
    <ClInclude Include="Gargoyles.h">
      <Filter>Header Files\DirectFunctions\Entrance\Path</Filter>
    </ClInclude>
    <ClInclude Include="DeliverRoad.h">
      <Filter>Header Files\DirectFunctions\Entrance\DeliverRoad</Filter>
    </ClInclude>
    <ClInclude Include="CastleRoads.h">
      <Filter>Header Files\DirectFunctions\Castle\Roads</Filter>
    </ClInclude>
    <ClInclude Include="Stores.h">
      <Filter>Header Files\DirectFunctions\Castle\Stores</Filter>
    </ClInclude>
    <ClInclude Include="HallWay.h">
      <Filter>Header Files\DirectFunctions\Castle\HallWay</Filter>
    </ClInclude>
    <ClInclude Include="OldCastle_Walls.h">
      <Filter>Header Files\DirectFunctions\Castle\OldCastle</Filter>
    </ClInclude>
    <ClInclude Include="CastleWalls.h">
      <Filter>Header Files\DirectFunctions\Castle\Walls</Filter>
    </ClInclude>
    <ClInclude Include="RoofTiles.h">
      <Filter>Header Files\DirectFunctions\RoofTiles</Filter>
    </ClInclude>
    <ClInclude Include="Draw.h">
      <Filter>Header Files\SemiDirectFunctions\DrawImage</Filter>
    </ClInclude>
    <ClInclude Include="DrawScene.h">
      <Filter>Header Files\IndirectFunctions\DrawScene</Filter>
    </ClInclude>
    <ClInclude Include="SetUp.h">
      <Filter>Header Files\IndirectFunctions\SetUp</Filter>
    </ClInclude>
    <ClInclude Include="Resize.h">
      <Filter>Header Files\IndirectFunctions\Resize</Filter>
    </ClInclude>
    <ClInclude Include="KeyInput.h">
      <Filter>Header Files\IndirectFunctions\KeyInput</Filter>
    </ClInclude>
    <ClInclude Include="Main.h">
      <Filter>Header Files\IndirectFunctions\Main</Filter>
    </ClInclude>
    <ClInclude Include="Perspectives.h">
      <Filter>Header Files\DirectFunctions\Perspectives</Filter>
    </ClInclude>
    <ClInclude Include="Menu.h">
      <Filter>Header Files\DirectFunctions\Menus</Filter>
    </ClInclude>
    <ClInclude Include="Menus_ID.h">
      <Filter>Header Files\DirectFunctions\Menus\ID</Filter>
    </ClInclude>
    <ClInclude Include="Menu_Quit_Option.h">
      <Filter>Header Files\DirectFunctions\Menus\Option\Quit</Filter>
    </ClInclude>
    <ClInclude Include="Menus_2D_Option.h">
      <Filter>Header Files\DirectFunctions\Menus\Option\2D</Filter>
    </ClInclude>
    <ClInclude Include="Menus_3D_Option.h">
      <Filter>Header Files\DirectFunctions\Menus\Option\3D</Filter>
    </ClInclude>
    <ClInclude Include="Menu_Animation_Option.h">
      <Filter>Header Files\DirectFunctions\Menus\Option\Animation</Filter>
    </ClInclude>
    <ClInclude Include="Menu_Color_Option.h">
      <Filter>Header Files\DirectFunctions\Menus\Option\Color</Filter>
    </ClInclude>
    <ClInclude Include="Change_View_And_Scene.h">
      <Filter>Header Files\DirectFunctions\Menus\Debug</Filter>
    </ClInclude>
    <ClInclude Include="Menu_Color.h">
      <Filter>Header Files\DirectFunctions\Menus\Menus\Color</Filter>
    </ClInclude>
    <ClInclude Include="Menu_Animation.h">
      <Filter>Header Files\DirectFunctions\Menus\Menus\Animation</Filter>
    </ClInclude>
    <ClInclude Include="Menu_Perspective.h">
      <Filter>Header Files\DirectFunctions\Menus\Menus\Perspective</Filter>
    </ClInclude>
    <ClInclude Include="Menu_Animation_Entrance_Doors.h">
      <Filter>Header Files\DirectFunctions\Menus\Menus\Animation\Sub Menu</Filter>
    </ClInclude>
    <ClInclude Include="Menu_Animation_Delivery_Doors.h">
      <Filter>Header Files\DirectFunctions\Menus\Menus\Animation\Sub Menu</Filter>
    </ClInclude>
    <ClInclude Include="Menu_Animation_Both_Doors.h">
      <Filter>Header Files\DirectFunctions\Menus\Menus\Animation\Sub Menu</Filter>
    </ClInclude>
    <ClInclude Include="Menu_3D_Perspective.h">
      <Filter>Header Files\DirectFunctions\Menus\Menus\Perspective\3D</Filter>
    </ClInclude>
    <ClInclude Include="Menu_2D_Perspective.h">
      <Filter>Header Files\DirectFunctions\Menus\Menus\Perspective\2D</Filter>
    </ClInclude>
    <ClInclude Include="SubMenu.h">
      <Filter>Header Files\DirectFunctions\Menus</Filter>
    </ClInclude>
    <ClInclude Include="Perspective_Regular_2D.h">
      <Filter>Header Files\DirectFunctions\Perspectives\Regular\2D</Filter>
    </ClInclude>
    <ClInclude Include="Perspective_Regular_3D.h">
      <Filter>Header Files\DirectFunctions\Perspectives\Regular\3D</Filter>
    </ClInclude>
    <ClInclude Include="Perspective_Entrance_2D.h">
      <Filter>Header Files\DirectFunctions\Perspectives\Irregular\2D\Entrance</Filter>
    </ClInclude>
    <ClInclude Include="Perspective_Hallway_2D.h">
      <Filter>Header Files\DirectFunctions\Perspectives\Irregular\2D\Hallway</Filter>
    </ClInclude>
    <ClInclude Include="Perspective_Courtyard_2D.h">
      <Filter>Header Files\DirectFunctions\Perspectives\Irregular\2D\Courtyard</Filter>
    </ClInclude>
    <ClInclude Include="Perspective_MainBuilding_2D.h">
      <Filter>Header Files\DirectFunctions\Perspectives\Irregular\2D\MainBuilding</Filter>
    </ClInclude>
    <ClInclude Include="Perspective_DeliveryDoor_2D.h">
      <Filter>Header Files\DirectFunctions\Perspectives\Irregular\2D\DeliveryDoor</Filter>
    </ClInclude>
    <ClInclude Include="Perspective_Castle_2D.h">
      <Filter>Header Files\DirectFunctions\Perspectives\Irregular\2D\Castle</Filter>
    </ClInclude>
    <ClInclude Include="Perspective_Castle_3D.h">
      <Filter>Header Files\DirectFunctions\Perspectives\Irregular\3D\Castle</Filter>
    </ClInclude>
    <ClInclude Include="Perspective_Entrance_3D.h">
      <Filter>Header Files\DirectFunctions\Perspectives\Irregular\3D\Entrance</Filter>
    </ClInclude>
    <ClInclude Include="Perspective_Hallway_3D.h">
      <Filter>Header Files\DirectFunctions\Perspectives\Irregular\3D\Hallway</Filter>
    </ClInclude>
    <ClInclude Include="Perspective_DeliveryDoor_3D.h">
      <Filter>Header Files\DirectFunctions\Perspectives\Irregular\3D\DeliveryDoor</Filter>
    </ClInclude>
    <ClInclude Include="Perspective_MainBuilding_3D.h">
      <Filter>Header Files\DirectFunctions\Perspectives\Irregular\3D\MainBuilding</Filter>
    </ClInclude>
    <ClInclude Include="Perspective_Courtyard_3D.h">
      <Filter>Header Files\DirectFunctions\Perspectives\Irregular\3D\Courtyard</Filter>
    </ClInclude>
    <ClInclude Include="set_2D_Perspective.h">
      <Filter>Header Files\DirectFunctions\Perspectives\SetPerspective\2D\Regular</Filter>
    </ClInclude>
    <ClInclude Include="set_3D_Perspective.h">
      <Filter>Header Files\DirectFunctions\Perspectives\SetPerspective\3D\Regular</Filter>
    </ClInclude>
    <ClInclude Include="set_2D_Castle_Perspective.h">
      <Filter>Header Files\DirectFunctions\Perspectives\SetPerspective\2D\Irregular</Filter>
    </ClInclude>
    <ClInclude Include="set_2D_Courtyard_Perspective.h">
      <Filter>Header Files\DirectFunctions\Perspectives\SetPerspective\2D\Irregular</Filter>
    </ClInclude>
    <ClInclude Include="set_2D_DeliveryDoor_Perspective.h">
      <Filter>Header Files\DirectFunctions\Perspectives\SetPerspective\2D\Irregular</Filter>
    </ClInclude>
    <ClInclude Include="set_2D_Entrance_Perspective.h">
      <Filter>Header Files\DirectFunctions\Perspectives\SetPerspective\2D\Irregular</Filter>
    </ClInclude>
    <ClInclude Include="set_2D_Hallway_Perspective.h">
      <Filter>Header Files\DirectFunctions\Perspectives\SetPerspective\2D\Irregular</Filter>
    </ClInclude>
    <ClInclude Include="set_2D_MainBuilding_Perspective.h">
      <Filter>Header Files\DirectFunctions\Perspectives\SetPerspective\2D\Irregular</Filter>
    </ClInclude>
    <ClInclude Include="set_3D_Castle_Perspective.h">
      <Filter>Header Files\DirectFunctions\Perspectives\SetPerspective\3D\Irregular</Filter>
    </ClInclude>
    <ClInclude Include="set_3D_Courtyard_Perspective.h">
      <Filter>Header Files\DirectFunctions\Perspectives\SetPerspective\3D\Irregular</Filter>
    </ClInclude>
    <ClInclude Include="set_3D_DeliveryDoor_Perspective.h">
      <Filter>Header Files\DirectFunctions\Perspectives\SetPerspective\3D\Irregular</Filter>
    </ClInclude>
    <ClInclude Include="set_3D_Entrance_Perspective.h">
      <Filter>Header Files\DirectFunctions\Perspectives\SetPerspective\3D\Irregular</Filter>
    </ClInclude>
    <ClInclude Include="set_3D_Hallway_Perspective.h">
      <Filter>Header Files\DirectFunctions\Perspectives\SetPerspective\3D\Irregular</Filter>
    </ClInclude>
    <ClInclude Include="set_3D_MainBuilding_Perspective.h">
      <Filter>Header Files\DirectFunctions\Perspectives\SetPerspective\3D\Irregular</Filter>
    </ClInclude>
    <ClInclude Include="Animation_Close_The_Delivery_Doors.h">
      <Filter>Header Files\DirectFunctions\Animations</Filter>
    </ClInclude>
    <ClInclude Include="Animation_Close_The_Doors.h">
      <Filter>Header Files\DirectFunctions\Animations</Filter>
    </ClInclude>
    <ClInclude Include="Animation_Close_The_Entrance_Doors.h">
      <Filter>Header Files\DirectFunctions\Animations</Filter>
    </ClInclude>
    <ClInclude Include="Animation_Open_The_Doors.h">
      <Filter>Header Files\DirectFunctions\Animations</Filter>
    </ClInclude>
    <ClInclude Include="Animation_Open_The_Entrance_Doors.h">
      <Filter>Header Files\DirectFunctions\Animations</Filter>
    </ClInclude>
    <ClInclude Include="Set_LookAt.h">
      <Filter>Header Files\SemiDirectFunctions\View</Filter>
    </ClInclude>
    <ClInclude Include="Animation_Open_The_Delivery_Doors.h">
      <Filter>Header Files\DirectFunctions\Animations</Filter>
    </ClInclude>
    <ClInclude Include="Texture.h">
      <Filter>Resource Files\Textures</Filter>
    </ClInclude>
    <ClInclude Include="getbmp.h">
      <Filter>Resource Files\getBMP</Filter>
    </ClInclude>
    <ClInclude Include="SkyBox.h">
      <Filter>Header Files\DirectFunctions\SkyBox</Filter>
    </ClInclude>
  </ItemGroup>
  <ItemGroup>
    <ClCompile Include="__Castle_Start__.cpp">
      <Filter>Source Files</Filter>
    </ClCompile>
    <ClCompile Include="getbmp.cpp">
      <Filter>Resource Files\getBMP</Filter>
    </ClCompile>
  </ItemGroup>
  <ItemGroup>
    <None Include="packages.config" />
  </ItemGroup>
</Project>