
Microsoft Visual Studio Solution File, Format Version 12.00
# Visual Studio 15
VisualStudioVersion = 15.0.28307.421
MinimumVisualStudioVersion = 10.0.40219.1
Project("{8BC9CEB8-8B4A-11D0-8D11-00A0C91BC942}") = "Final Project Graphic Compution", "Final Project Graphic Compution\Final Project Graphic Compution.vcxproj", "{1E0D6FC8-9D27-44D7-8EFE-7FDFDA26460E}"
EndProject
Global
	GlobalSection(SolutionConfigurationPlatforms) = preSolution
		Debug|x64 = Debug|x64
		Debug|x86 = Debug|x86
		Release|x64 = Release|x64
		Release|x86 = Release|x86
	EndGlobalSection
	GlobalSection(ProjectConfigurationPlatforms) = postSolution
		{1E0D6FC8-9D27-44D7-8EFE-7FDFDA26460E}.Debug|x64.ActiveCfg = Debug|x64
		{1E0D6FC8-9D27-44D7-8EFE-7FDFDA26460E}.Debug|x64.Build.0 = Debug|x64
		{1E0D6FC8-9D27-44D7-8EFE-7FDFDA26460E}.Debug|x86.ActiveCfg = Debug|Win32
		{1E0D6FC8-9D27-44D7-8EFE-7FDFDA26460E}.Debug|x86.Build.0 = Debug|Win32
		{1E0D6FC8-9D27-44D7-8EFE-7FDFDA26460E}.Release|x64.ActiveCfg = Release|x64
		{1E0D6FC8-9D27-44D7-8EFE-7FDFDA26460E}.Release|x64.Build.0 = Release|x64
		{1E0D6FC8-9D27-44D7-8EFE-7FDFDA26460E}.Release|x86.ActiveCfg = Release|Win32
		{1E0D6FC8-9D27-44D7-8EFE-7FDFDA26460E}.Release|x86.Build.0 = Release|Win32
	EndGlobalSection
	GlobalSection(SolutionProperties) = preSolution
		HideSolutionNode = FALSE
	EndGlobalSection
	GlobalSection(ExtensibilityGlobals) = postSolution
		SolutionGuid = {7D7B24EF-FB45-43BB-94E2-3C541643F3B2}
	EndGlobalSection
EndGlobal
